
Microsoft Visual Studio Solution File, Format Version 12.00
# Visual Studio 11
Project("{FAE04EC0-301F-11D3-BF4B-00C04F79EFBC}") = "Dupes.cmd", "Dupes.cmd.csproj", "{760B0635-7A83-4921-9951-844E79EC4D33}"
EndProject
Project("{FAE04EC0-301F-11D3-BF4B-00C04F79EFBC}") = "Dupes.Core", "..\Dupes.Core\Dupes.Core.csproj", "{88D3F8B5-04A4-4958-85A7-7C785A7000B7}"
EndProject
Global
	GlobalSection(SolutionConfigurationPlatforms) = preSolution
		Debug|Any CPU = Debug|Any CPU
		Release|Any CPU = Release|Any CPU
	EndGlobalSection
	GlobalSection(ProjectConfigurationPlatforms) = postSolution
		{760B0635-7A83-4921-9951-844E79EC4D33}.Debug|Any CPU.ActiveCfg = Debug|Any CPU
		{760B0635-7A83-4921-9951-844E79EC4D33}.Debug|Any CPU.Build.0 = Debug|Any CPU
		{760B0635-7A83-4921-9951-844E79EC4D33}.Release|Any CPU.ActiveCfg = Release|Any CPU
		{760B0635-7A83-4921-9951-844E79EC4D33}.Release|Any CPU.Build.0 = Release|Any CPU
		{88D3F8B5-04A4-4958-85A7-7C785A7000B7}.Debug|Any CPU.ActiveCfg = Debug|Any CPU
		{88D3F8B5-04A4-4958-85A7-7C785A7000B7}.Debug|Any CPU.Build.0 = Debug|Any CPU
		{88D3F8B5-04A4-4958-85A7-7C785A7000B7}.Release|Any CPU.ActiveCfg = Release|Any CPU
		{88D3F8B5-04A4-4958-85A7-7C785A7000B7}.Release|Any CPU.Build.0 = Release|Any CPU
	EndGlobalSection
	GlobalSection(SolutionProperties) = preSolution
		HideSolutionNode = FALSE
	EndGlobalSection
EndGlobal
